
Microsoft Visual Studio Solution File, Format Version 12.00
# Visual Studio Version 16
VisualStudioVersion = 16.0.30002.166
MinimumVisualStudioVersion = 10.0.40219.1
Project("{9A19103F-16F7-4668-BE54-9A1E7A4F7556}") = "WebApp", "WebApp\WebApp.csproj", "{0DB9D278-F07E-4C9F-8B16-2B337C7C7C1C}"
EndProject
Project("{FAE04EC0-301F-11D3-BF4B-00C04F79EFBC}") = "Data", "Data\Data.csproj", "{DF72D0EE-B45F-42C4-AF85-C9DE7AF5A9A2}"
EndProject
Global
	GlobalSection(SolutionConfigurationPlatforms) = preSolution
		Debug|Any CPU = Debug|Any CPU
		Release|Any CPU = Release|Any CPU
	EndGlobalSection
	GlobalSection(ProjectConfigurationPlatforms) = postSolution
		{0DB9D278-F07E-4C9F-8B16-2B337C7C7C1C}.Debug|Any CPU.ActiveCfg = Debug|Any CPU
		{0DB9D278-F07E-4C9F-8B16-2B337C7C7C1C}.Debug|Any CPU.Build.0 = Debug|Any CPU
		{0DB9D278-F07E-4C9F-8B16-2B337C7C7C1C}.Release|Any CPU.ActiveCfg = Release|Any CPU
		{0DB9D278-F07E-4C9F-8B16-2B337C7C7C1C}.Release|Any CPU.Build.0 = Release|Any CPU
		{DF72D0EE-B45F-42C4-AF85-C9DE7AF5A9A2}.Debug|Any CPU.ActiveCfg = Debug|Any CPU
		{DF72D0EE-B45F-42C4-AF85-C9DE7AF5A9A2}.Debug|Any CPU.Build.0 = Debug|Any CPU
		{DF72D0EE-B45F-42C4-AF85-C9DE7AF5A9A2}.Release|Any CPU.ActiveCfg = Release|Any CPU
		{DF72D0EE-B45F-42C4-AF85-C9DE7AF5A9A2}.Release|Any CPU.Build.0 = Release|Any CPU
	EndGlobalSection
	GlobalSection(SolutionProperties) = preSolution
		HideSolutionNode = FALSE
	EndGlobalSection
	GlobalSection(ExtensibilityGlobals) = postSolution
		SolutionGuid = {B8E665FC-E6FA-4A56-BA5A-C5352F6CDD07}
	EndGlobalSection
EndGlobal
